# This file is autogenerated, do not edit; changes may be undone by the next 'dep ensure'.


[[projects]]
  digest = "1:66e8ee7ce0244de8a4d49823042a021151ae4ba102a4428f4fe7cfa0c3fb9f04"
  name = "git.apache.org/thrift.git"
  packages = ["lib/go/thrift"]
  pruneopts = "UT"
  revision = "384647d290e2e4a55a14b1b7ef1b7e66293a2c33"
  version = "v0.12.0"

[[projects]]
  digest = "1:f9ae348e1f793dcf9ed930ed47136a67343dbd6809c5c91391322267f4476892"
  name = "github.com/Microsoft/go-winio"
  packages = ["."]
  pruneopts = "UT"
  revision = "97e4973ce50b2ff5f09635a57e2b88a037aae829"
  version = "v0.4.11"

[[projects]]
  branch = "master"
  digest = "1:ecd63aa2a48b3b5ba185b18f7969d7627d6f82a072bd8578b993f44569f6902f"
  name = "github.com/kolide/osquery-go"
  packages = [
    ".",
    "gen/osquery",
    "transport",
  ]
  pruneopts = "UT"
  revision = "be0a8de4cf1d32b0e06dc867f0af55d00cfdfda0"

[[projects]]
  digest = "1:cf31692c14422fa27c83a05292eb5cbe0fb2775972e8f1f8446a71549bd8980b"
  name = "github.com/pkg/errors"
  packages = ["."]
  pruneopts = "UT"
  revision = "ba968bfe8b2f7e042a574c888954fccecfa385b4"
  version = "v0.8.1"

[[projects]]
  branch = "master"
  digest = "1:c4f2aacac0b737ab10dbb1ef6ecd371b22567de2166319357153af81ff0249a5"
  name = "golang.org/x/sys"
  packages = ["windows"]
  pruneopts = "UT"
  revision = "41f3e6584952bb034a481797859f6ab34b6803bd"

[solve-meta]
  analyzer-name = "dep"
  analyzer-version = 1
  input-imports = ["github.com/kolide/osquery-go"]
  solver-name = "gps-cdcl"
  solver-version = 1
