# This file is autogenerated, do not edit; changes may be undone by the next 'dep ensure'.


[[projects]]
  digest = "1:e1c336e4f3313815fa4839f95cfb7de69912bf6087777b60aaa8df9a0a03fc4d"
  name = "git.apache.org/thrift.git"
  packages = ["lib/go/thrift"]
  pruneopts = "UT"
  revision = "0dd823580c78a79ae9696eb9b3650e400fff140f"

[[projects]]
  digest = "1:f9ae348e1f793dcf9ed930ed47136a67343dbd6809c5c91391322267f4476892"
  name = "github.com/Microsoft/go-winio"
  packages = ["."]
  pruneopts = "UT"
  revision = "97e4973ce50b2ff5f09635a57e2b88a037aae829"
  version = "v0.4.11"

[[projects]]
  branch = "master"
  digest = "1:2923cde4fd144687980365b694017da92a62855bd524cbaa04398be91e92ea39"
  name = "github.com/kolide/osquery-go"
  packages = [
    "gen/osquery",
    "transport",
  ]
  pruneopts = "UT"
  revision = "be0a8de4cf1d32b0e06dc867f0af55d00cfdfda0"

[[projects]]
  digest = "1:cf31692c14422fa27c83a05292eb5cbe0fb2775972e8f1f8446a71549bd8980b"
  name = "github.com/pkg/errors"
  packages = ["."]
  pruneopts = "UT"
  revision = "ba968bfe8b2f7e042a574c888954fccecfa385b4"
  version = "v0.8.1"

[[projects]]
  branch = "master"
  digest = "1:70391ebcc09e9ce0ab0b5759d60832c0ffe35af473473042473fb7a3f4ef896c"
  name = "github.com/voilet/osquery-go"
  packages = ["."]
  pruneopts = "UT"
  revision = "03a792fcca9a86c9a717109c2ad8763d0759105b"

[[projects]]
  branch = "master"
  digest = "1:c4f2aacac0b737ab10dbb1ef6ecd371b22567de2166319357153af81ff0249a5"
  name = "golang.org/x/sys"
  packages = ["windows"]
  pruneopts = "UT"
  revision = "41f3e6584952bb034a481797859f6ab34b6803bd"

[solve-meta]
  analyzer-name = "dep"
  analyzer-version = 1
  input-imports = ["github.com/voilet/osquery-go"]
  solver-name = "gps-cdcl"
  solver-version = 1
